
Microsoft Visual Studio Solution File, Format Version 12.00
# Visual Studio Version 17
VisualStudioVersion = 17.5.002.0
MinimumVisualStudioVersion = 10.0.40219.1
Project("{9A19103F-16F7-4668-BE54-9A1E7A4F7556}") = "TodoApp.API", "TodoApp.API.csproj", "{F8F36D6C-9752-48C9-8F45-7C70CABB405C}"
EndProject
Global
	GlobalSection(SolutionConfigurationPlatforms) = preSolution
		Debug|Any CPU = Debug|Any CPU
		Release|Any CPU = Release|Any CPU
	EndGlobalSection
	GlobalSection(ProjectConfigurationPlatforms) = postSolution
		{F8F36D6C-9752-48C9-8F45-7C70CABB405C}.Debug|Any CPU.ActiveCfg = Debug|Any CPU
		{F8F36D6C-9752-48C9-8F45-7C70CABB405C}.Debug|Any CPU.Build.0 = Debug|Any CPU
		{F8F36D6C-9752-48C9-8F45-7C70CABB405C}.Release|Any CPU.ActiveCfg = Release|Any CPU
		{F8F36D6C-9752-48C9-8F45-7C70CABB405C}.Release|Any CPU.Build.0 = Release|Any CPU
	EndGlobalSection
	GlobalSection(SolutionProperties) = preSolution
		HideSolutionNode = FALSE
	EndGlobalSection
	GlobalSection(ExtensibilityGlobals) = postSolution
		SolutionGuid = {E8D6FCEE-3F18-4E00-AE05-2E956367FC52}
	EndGlobalSection
EndGlobal
